
Microsoft Visual Studio Solution File, Format Version 12.00
# Visual Studio Version 16
VisualStudioVersion = 16.0.29709.97
MinimumVisualStudioVersion = 10.0.40219.1
Project("{FAE04EC0-301F-11D3-BF4B-00C04F79EFBC}") = "ChessChallenge", "Chess Challenge\ChessChallenge.csproj", "{383BE8FD-9B83-42DE-B146-CD85389AEC1C}"
EndProject
Global
	GlobalSection(SolutionConfigurationPlatforms) = preSolution
		Debug|Any CPU = Debug|Any CPU
		Release|Any CPU = Release|Any CPU
	EndGlobalSection
	GlobalSection(ProjectConfigurationPlatforms) = postSolution
		{383BE8FD-9B83-42DE-B146-CD85389AEC1C}.Debug|Any CPU.ActiveCfg = Debug|Any CPU
		{383BE8FD-9B83-42DE-B146-CD85389AEC1C}.Debug|Any CPU.Build.0 = Debug|Any CPU
		{383BE8FD-9B83-42DE-B146-CD85389AEC1C}.Release|Any CPU.ActiveCfg = Release|Any CPU
		{383BE8FD-9B83-42DE-B146-CD85389AEC1C}.Release|Any CPU.Build.0 = Release|Any CPU
	EndGlobalSection
	GlobalSection(SolutionProperties) = preSolution
		HideSolutionNode = FALSE
	EndGlobalSection
	GlobalSection(ExtensibilityGlobals) = postSolution
		SolutionGuid = {6BE88F27-425A-405C-9FE9-44E64FF80601}
	EndGlobalSection
EndGlobal
